{
  "requires": true,
  "lockfileVersion": 1,
  "dependencies": {
    "cordova-plugin-document-viewer": {
      "version": "0.9.8",
      "resolved": "https://registry.npmjs.org/cordova-plugin-document-viewer/-/cordova-plugin-document-viewer-0.9.8.tgz",
      "integrity": "sha1-1eD7iqUcXBmRL4RSP7Buii7XXwg="
    }
  }
}
